<?xml version="1.0" encoding="utf-8"?>
<Project ToolsVersion="4.0" xmlns="http://schemas.microsoft.com/developer/msbuild/2003">
  <ItemGroup>
    <Filter Include="Archivos de origen">
      <UniqueIdentifier>{4FC737F1-C7A5-4376-A066-2A32D752A2FF}</UniqueIdentifier>
      <Extensions>cpp;c;cc;cxx;c++;cppm;ixx;def;odl;idl;hpj;bat;asm;asmx</Extensions>
    </Filter>
    <Filter Include="Archivos de encabezado">
      <UniqueIdentifier>{93995380-89BD-4b04-88EB-625FBE52EBFB}</UniqueIdentifier>
      <Extensions>h;hh;hpp;hxx;h++;hm;inl;inc;ipp;xsd</Extensions>
    </Filter>
    <Filter Include="Archivos de recursos">
      <UniqueIdentifier>{67DA6AB6-F800-4c08-8B7A-83BB121AAD01}</UniqueIdentifier>
      <Extensions>rc;ico;cur;bmp;dlg;rc2;rct;bin;rgs;gif;jpg;jpeg;jpe;resx;tiff;tif;png;wav;mfcribbon-ms</Extensions>
    </Filter>
    <Filter Include="Archivos de recursos\imGui">
      <UniqueIdentifier>{f7b4fc0a-f65c-4bc2-aa76-5eb4e0bd6f5e}</UniqueIdentifier>
    </Filter>
    <Filter Include="Archivos de encabezado\Interfaces">
      <UniqueIdentifier>{1c5df814-e751-4f67-a4be-e85ef61fbf36}</UniqueIdentifier>
    </Filter>
    <Filter Include="Archivos de encabezado\Engine">
      <UniqueIdentifier>{6e07b52e-b5db-40c3-9553-6ac1d3a9a4c6}</UniqueIdentifier>
    </Filter>
    <Filter Include="Archivos de encabezado\Engine\Window">
      <UniqueIdentifier>{d8c10857-ea89-47b1-b64e-f04df0a294b4}</UniqueIdentifier>
    </Filter>
    <Filter Include="Archivos de encabezado\GUI">
      <UniqueIdentifier>{ea6a4b76-7e38-4d2f-8971-78c2780b7340}</UniqueIdentifier>
    </Filter>
    <Filter Include="Archivos de encabezado\Utility">
      <UniqueIdentifier>{ba64a64e-5967-4544-887e-be61ad490f14}</UniqueIdentifier>
    </Filter>
    <Filter Include="Archivos de encabezado\Events">
      <UniqueIdentifier>{5ec75ed6-2e0d-4ae8-a16b-7a78557b7bf1}</UniqueIdentifier>
    </Filter>
  </ItemGroup>
  <ItemGroup>
    <ClCompile Include="main.cpp">
      <Filter>Archivos de origen</Filter>
    </ClCompile>
    <ClCompile Include="imgui.cpp">
      <Filter>Archivos de recursos\imGui</Filter>
    </ClCompile>
    <ClCompile Include="imgui_demo.cpp">
      <Filter>Archivos de recursos\imGui</Filter>
    </ClCompile>
    <ClCompile Include="imgui_draw.cpp">
      <Filter>Archivos de recursos\imGui</Filter>
    </ClCompile>
    <ClCompile Include="imgui_impl_glfw.cpp">
      <Filter>Archivos de recursos\imGui</Filter>
    </ClCompile>
    <ClCompile Include="imgui_impl_opengl3.cpp">
      <Filter>Archivos de recursos\imGui</Filter>
    </ClCompile>
    <ClCompile Include="imgui_widgets.cpp">
      <Filter>Archivos de recursos\imGui</Filter>
    </ClCompile>
  </ItemGroup>
  <ItemGroup>
    <ClInclude Include="imconfig.h">
      <Filter>Archivos de recursos\imGui</Filter>
    </ClInclude>
    <ClInclude Include="imgui.h">
      <Filter>Archivos de recursos\imGui</Filter>
    </ClInclude>
    <ClInclude Include="imgui_impl_glfw.h">
      <Filter>Archivos de recursos\imGui</Filter>
    </ClInclude>
    <ClInclude Include="imgui_impl_opengl3.h">
      <Filter>Archivos de recursos\imGui</Filter>
    </ClInclude>
    <ClInclude Include="imgui_internal.h">
      <Filter>Archivos de recursos\imGui</Filter>
    </ClInclude>
    <ClInclude Include="imstb_rectpack.h">
      <Filter>Archivos de recursos\imGui</Filter>
    </ClInclude>
    <ClInclude Include="imstb_textedit.h">
      <Filter>Archivos de recursos\imGui</Filter>
    </ClInclude>
    <ClInclude Include="imstb_truetype.h">
      <Filter>Archivos de recursos\imGui</Filter>
    </ClInclude>
    <ClInclude Include="IObject.h">
      <Filter>Archivos de encabezado\Interfaces</Filter>
    </ClInclude>
    <ClInclude Include="Object.h">
      <Filter>Archivos de encabezado\Engine</Filter>
    </ClInclude>
    <ClInclude Include="Application.h">
      <Filter>Archivos de encabezado\Engine\Window</Filter>
    </ClInclude>
    <ClInclude Include="GUI_Application.h">
      <Filter>Archivos de encabezado\GUI</Filter>
    </ClInclude>
    <ClInclude Include="Input.h">
      <Filter>Archivos de encabezado\Engine\Window</Filter>
    </ClInclude>
    <ClInclude Include="Framebuffer.h">
      <Filter>Archivos de encabezado\Utility</Filter>
    </ClInclude>
    <ClInclude Include="Event_Application.h">
      <Filter>Archivos de encabezado\Events</Filter>
    </ClInclude>
    <ClInclude Include="Maze.h">
      <Filter>Archivos de encabezado</Filter>
    </ClInclude>
    <ClInclude Include="Camera.h">
      <Filter>Archivos de encabezado\Engine</Filter>
    </ClInclude>
    <ClInclude Include="GUI_Setting.h">
      <Filter>Archivos de encabezado\GUI</Filter>
    </ClInclude>
    <ClInclude Include="IGraphicalUserInterface.h">
      <Filter>Archivos de encabezado\Interfaces</Filter>
    </ClInclude>
    <ClInclude Include="GUI_Lighting.h">
      <Filter>Archivos de encabezado\GUI</Filter>
    </ClInclude>
  </ItemGroup>
</Project>