<?xml version="1.0" encoding="utf-8"?>
<Project ToolsVersion="4.0" xmlns="http://schemas.microsoft.com/developer/msbuild/2003">
  <ItemGroup>
    <Filter Include="Archivos de origen">
      <UniqueIdentifier>{4FC737F1-C7A5-4376-A066-2A32D752A2FF}</UniqueIdentifier>
      <Extensions>cpp;c;cc;cxx;c++;cppm;ixx;def;odl;idl;hpj;bat;asm;asmx</Extensions>
    </Filter>
    <Filter Include="Archivos de encabezado">
      <UniqueIdentifier>{93995380-89BD-4b04-88EB-625FBE52EBFB}</UniqueIdentifier>
      <Extensions>h;hh;hpp;hxx;h++;hm;inl;inc;ipp;xsd</Extensions>
    </Filter>
    <Filter Include="Archivos de recursos">
      <UniqueIdentifier>{67DA6AB6-F800-4c08-8B7A-83BB121AAD01}</UniqueIdentifier>
      <Extensions>rc;ico;cur;bmp;dlg;rc2;rct;bin;rgs;gif;jpg;jpeg;jpe;resx;tiff;tif;png;wav;mfcribbon-ms</Extensions>
    </Filter>
    <Filter Include="Archivos de recursos\imGui">
      <UniqueIdentifier>{f7b4fc0a-f65c-4bc2-aa76-5eb4e0bd6f5e}</UniqueIdentifier>
    </Filter>
    <Filter Include="Archivos de encabezado\Interfaces">
      <UniqueIdentifier>{1c5df814-e751-4f67-a4be-e85ef61fbf36}</UniqueIdentifier>
    </Filter>
    <Filter Include="Archivos de encabezado\Engine">
      <UniqueIdentifier>{6e07b52e-b5db-40c3-9553-6ac1d3a9a4c6}</UniqueIdentifier>
    </Filter>
    <Filter Include="Archivos de encabezado\Engine\Window">
      <UniqueIdentifier>{d8c10857-ea89-47b1-b64e-f04df0a294b4}</UniqueIdentifier>
    </Filter>
    <Filter Include="Archivos de encabezado\GUI">
      <UniqueIdentifier>{ea6a4b76-7e38-4d2f-8971-78c2780b7340}</UniqueIdentifier>
    </Filter>
    <Filter Include="Archivos de encabezado\Utility">
      <UniqueIdentifier>{ba64a64e-5967-4544-887e-be61ad490f14}</UniqueIdentifier>
    </Filter>
    <Filter Include="Archivos de encabezado\Events">
      <UniqueIdentifier>{5ec75ed6-2e0d-4ae8-a16b-7a78557b7bf1}</UniqueIdentifier>
    </Filter>
    <Filter Include="Archivos de encabezado\Engine\GameObject">
      <UniqueIdentifier>{1f3586bb-efdc-4d21-b841-01eba7f5a3da}</UniqueIdentifier>
    </Filter>
    <Filter Include="Archivos de encabezado\Engine\GameObject\Mesh">
      <UniqueIdentifier>{055fa5bb-cf86-44f3-b47e-172b2ef34003}</UniqueIdentifier>
    </Filter>
    <Filter Include="Archivos de encabezado\Engine\GameObject\SharedTypes">
      <UniqueIdentifier>{1c76a9c8-fa63-4c73-8e76-0aee8ee960b3}</UniqueIdentifier>
    </Filter>
    <Filter Include="Archivos de encabezado\Enumerations">
      <UniqueIdentifier>{d0861221-e679-4955-a760-aa4e77274c44}</UniqueIdentifier>
    </Filter>
    <Filter Include="Archivos de encabezado\Engine\Shaders">
      <UniqueIdentifier>{0abdbfe3-7e81-49ab-bddb-9630263b932d}</UniqueIdentifier>
    </Filter>
    <Filter Include="Archivos de encabezado\Managers">
      <UniqueIdentifier>{6b4fc22d-e0ec-4a84-b94f-22919dd368f8}</UniqueIdentifier>
    </Filter>
  </ItemGroup>
  <ItemGroup>
    <ClCompile Include="main.cpp">
      <Filter>Archivos de origen</Filter>
    </ClCompile>
    <ClCompile Include="imgui.cpp">
      <Filter>Archivos de recursos\imGui</Filter>
    </ClCompile>
    <ClCompile Include="imgui_demo.cpp">
      <Filter>Archivos de recursos\imGui</Filter>
    </ClCompile>
    <ClCompile Include="imgui_draw.cpp">
      <Filter>Archivos de recursos\imGui</Filter>
    </ClCompile>
    <ClCompile Include="imgui_impl_glfw.cpp">
      <Filter>Archivos de recursos\imGui</Filter>
    </ClCompile>
    <ClCompile Include="imgui_impl_opengl3.cpp">
      <Filter>Archivos de recursos\imGui</Filter>
    </ClCompile>
    <ClCompile Include="imgui_widgets.cpp">
      <Filter>Archivos de recursos\imGui</Filter>
    </ClCompile>
  </ItemGroup>
  <ItemGroup>
    <ClInclude Include="imconfig.h">
      <Filter>Archivos de recursos\imGui</Filter>
    </ClInclude>
    <ClInclude Include="imgui.h">
      <Filter>Archivos de recursos\imGui</Filter>
    </ClInclude>
    <ClInclude Include="imgui_impl_glfw.h">
      <Filter>Archivos de recursos\imGui</Filter>
    </ClInclude>
    <ClInclude Include="imgui_impl_opengl3.h">
      <Filter>Archivos de recursos\imGui</Filter>
    </ClInclude>
    <ClInclude Include="imgui_internal.h">
      <Filter>Archivos de recursos\imGui</Filter>
    </ClInclude>
    <ClInclude Include="imstb_rectpack.h">
      <Filter>Archivos de recursos\imGui</Filter>
    </ClInclude>
    <ClInclude Include="imstb_textedit.h">
      <Filter>Archivos de recursos\imGui</Filter>
    </ClInclude>
    <ClInclude Include="imstb_truetype.h">
      <Filter>Archivos de recursos\imGui</Filter>
    </ClInclude>
    <ClInclude Include="IObject.h">
      <Filter>Archivos de encabezado\Interfaces</Filter>
    </ClInclude>
    <ClInclude Include="Application.h">
      <Filter>Archivos de encabezado\Engine\Window</Filter>
    </ClInclude>
    <ClInclude Include="GUI_Application.h">
      <Filter>Archivos de encabezado\GUI</Filter>
    </ClInclude>
    <ClInclude Include="Framebuffer.h">
      <Filter>Archivos de encabezado\Utility</Filter>
    </ClInclude>
    <ClInclude Include="Event_Application.h">
      <Filter>Archivos de encabezado\Events</Filter>
    </ClInclude>
    <ClInclude Include="Maze.h">
      <Filter>Archivos de encabezado</Filter>
    </ClInclude>
    <ClInclude Include="Camera.h">
      <Filter>Archivos de encabezado\Engine</Filter>
    </ClInclude>
    <ClInclude Include="GUI_Setting.h">
      <Filter>Archivos de encabezado\GUI</Filter>
    </ClInclude>
    <ClInclude Include="IGraphicalUserInterface.h">
      <Filter>Archivos de encabezado\Interfaces</Filter>
    </ClInclude>
    <ClInclude Include="GUI_Lighting.h">
      <Filter>Archivos de encabezado\GUI</Filter>
    </ClInclude>
    <ClInclude Include="Object.h">
      <Filter>Archivos de encabezado\Engine\GameObject</Filter>
    </ClInclude>
    <ClInclude Include="IMeshComponent.h">
      <Filter>Archivos de encabezado\Interfaces</Filter>
    </ClInclude>
    <ClInclude Include="BoneMatrix.h">
      <Filter>Archivos de encabezado\Engine\GameObject\SharedTypes</Filter>
    </ClInclude>
    <ClInclude Include="Vertex.h">
      <Filter>Archivos de encabezado\Engine\GameObject\SharedTypes</Filter>
    </ClInclude>
    <ClInclude Include="VertexBoneData.h">
      <Filter>Archivos de encabezado\Engine\GameObject\SharedTypes</Filter>
    </ClInclude>
    <ClInclude Include="Shader.h">
      <Filter>Archivos de encabezado\Utility</Filter>
    </ClInclude>
    <ClInclude Include="Texture.h">
      <Filter>Archivos de encabezado\Utility</Filter>
    </ClInclude>
    <ClInclude Include="IBaseMessage.h">
      <Filter>Archivos de encabezado\Interfaces</Filter>
    </ClInclude>
    <ClInclude Include="E_MessageType.h">
      <Filter>Archivos de encabezado\Enumerations</Filter>
    </ClInclude>
    <ClInclude Include="IBaseComponent.h">
      <Filter>Archivos de encabezado\Interfaces</Filter>
    </ClInclude>
    <ClInclude Include="MeshComponent.h">
      <Filter>Archivos de encabezado\Engine\GameObject</Filter>
    </ClInclude>
    <ClInclude Include="CubeMapTexture.h">
      <Filter>Archivos de encabezado\Utility</Filter>
    </ClInclude>
    <ClInclude Include="ResourceManager.h">
      <Filter>Archivos de encabezado\Managers</Filter>
    </ClInclude>
    <ClInclude Include="TimeManager.h">
      <Filter>Archivos de encabezado\Managers</Filter>
    </ClInclude>
    <ClInclude Include="InputManager.h">
      <Filter>Archivos de encabezado\Managers</Filter>
    </ClInclude>
    <ClInclude Include="Skybox.h">
      <Filter>Archivos de encabezado\Engine</Filter>
    </ClInclude>
    <ClInclude Include="Ground.h">
      <Filter>Archivos de encabezado\Engine</Filter>
    </ClInclude>
    <ClInclude Include="GameObject.h">
      <Filter>Archivos de encabezado\Engine\GameObject</Filter>
    </ClInclude>
    <ClInclude Include="ObjectDynamic.h">
      <Filter>Archivos de encabezado\Engine\GameObject</Filter>
    </ClInclude>
    <ClInclude Include="RenderComponent.h">
      <Filter>Archivos de encabezado\Engine\GameObject</Filter>
    </ClInclude>
    <ClInclude Include="AnimatorComponent.h">
      <Filter>Archivos de encabezado\Engine\GameObject</Filter>
    </ClInclude>
  </ItemGroup>
  <ItemGroup>
    <None Include="assets\shaders\skybox.vert">
      <Filter>Archivos de encabezado\Engine\Shaders</Filter>
    </None>
    <None Include="assets\shaders\skybox.frag">
      <Filter>Archivos de encabezado\Engine\Shaders</Filter>
    </None>
    <None Include="assets\shaders\object.vert">
      <Filter>Archivos de encabezado\Engine\Shaders</Filter>
    </None>
    <None Include="assets\shaders\sol.frag">
      <Filter>Archivos de encabezado\Engine\Shaders</Filter>
    </None>
    <None Include="assets\shaders\sol.vert">
      <Filter>Archivos de encabezado\Engine\Shaders</Filter>
    </None>
    <None Include="assets\shaders\ground.frag">
      <Filter>Archivos de encabezado\Engine\Shaders</Filter>
    </None>
    <None Include="assets\shaders\ground.vert">
      <Filter>Archivos de encabezado\Engine\Shaders</Filter>
    </None>
    <None Include="assets\shaders\animation.frag">
      <Filter>Archivos de encabezado\Engine\Shaders</Filter>
    </None>
    <None Include="assets\shaders\animation.vert">
      <Filter>Archivos de encabezado\Engine\Shaders</Filter>
    </None>
    <None Include="assets\shaders\avatar.frag">
      <Filter>Archivos de encabezado\Engine\Shaders</Filter>
    </None>
    <None Include="assets\shaders\avatar.vert">
      <Filter>Archivos de encabezado\Engine\Shaders</Filter>
    </None>
    <None Include="assets\shaders\cubemaps.frag">
      <Filter>Archivos de encabezado\Engine\Shaders</Filter>
    </None>
    <None Include="assets\shaders\cubemaps.vert">
      <Filter>Archivos de encabezado\Engine\Shaders</Filter>
    </None>
    <None Include="assets\shaders\debug.frag">
      <Filter>Archivos de encabezado\Engine\Shaders</Filter>
    </None>
    <None Include="assets\shaders\debug.vert">
      <Filter>Archivos de encabezado\Engine\Shaders</Filter>
    </None>
    <None Include="assets\shaders\instanceAnimation.frag">
      <Filter>Archivos de encabezado\Engine\Shaders</Filter>
    </None>
    <None Include="assets\shaders\instanceAnimation.vert">
      <Filter>Archivos de encabezado\Engine\Shaders</Filter>
    </None>
    <None Include="assets\shaders\instanceModel.frag">
      <Filter>Archivos de encabezado\Engine\Shaders</Filter>
    </None>
    <None Include="assets\shaders\instanceModel.vert">
      <Filter>Archivos de encabezado\Engine\Shaders</Filter>
    </None>
    <None Include="assets\shaders\object.frag">
      <Filter>Archivos de encabezado\Engine\Shaders</Filter>
    </None>
  </ItemGroup>
</Project>